
Microsoft Visual Studio Solution File, Format Version 12.00
# Visual Studio Version 16
VisualStudioVersion = 16.0.32106.194
MinimumVisualStudioVersion = 10.0.40219.1
Project("{9A19103F-16F7-4668-BE54-9A1E7A4F7556}") = "Xaml.Effect.Demo", "src\Xaml.Effect.Demo\Xaml.Effect.Demo.csproj", "{5A58621F-904B-488E-A68A-80C6A36E07F2}"
EndProject
Project("{9A19103F-16F7-4668-BE54-9A1E7A4F7556}") = "Xaml.Effects.Toolkit", "Xaml.Effects.Toolkit\src\Xaml.Effects.Toolkit.csproj", "{B1D13E25-83DA-430C-8B5F-9AC4D71834F4}"
EndProject
Global
	GlobalSection(SolutionConfigurationPlatforms) = preSolution
		Debug|Any CPU = Debug|Any CPU
		Release|Any CPU = Release|Any CPU
	EndGlobalSection
	GlobalSection(ProjectConfigurationPlatforms) = postSolution
		{5A58621F-904B-488E-A68A-80C6A36E07F2}.Debug|Any CPU.ActiveCfg = Debug|Any CPU
		{5A58621F-904B-488E-A68A-80C6A36E07F2}.Debug|Any CPU.Build.0 = Debug|Any CPU
		{5A58621F-904B-488E-A68A-80C6A36E07F2}.Release|Any CPU.ActiveCfg = Release|Any CPU
		{5A58621F-904B-488E-A68A-80C6A36E07F2}.Release|Any CPU.Build.0 = Release|Any CPU
		{B1D13E25-83DA-430C-8B5F-9AC4D71834F4}.Debug|Any CPU.ActiveCfg = Debug|Any CPU
		{B1D13E25-83DA-430C-8B5F-9AC4D71834F4}.Debug|Any CPU.Build.0 = Debug|Any CPU
		{B1D13E25-83DA-430C-8B5F-9AC4D71834F4}.Release|Any CPU.ActiveCfg = Release|Any CPU
		{B1D13E25-83DA-430C-8B5F-9AC4D71834F4}.Release|Any CPU.Build.0 = Release|Any CPU
	EndGlobalSection
	GlobalSection(SolutionProperties) = preSolution
		HideSolutionNode = FALSE
	EndGlobalSection
	GlobalSection(ExtensibilityGlobals) = postSolution
		SolutionGuid = {CE371270-DF82-4200-896F-2292BD34CF55}
	EndGlobalSection
EndGlobal
